
Microsoft Visual Studio Solution File, Format Version 12.00
# Visual Studio 15
VisualStudioVersion = 15.0.28307.1022
MinimumVisualStudioVersion = 10.0.40219.1
Project("{FAE04EC0-301F-11D3-BF4B-00C04F79EFBC}") = "widMCget.Android", "widMCget\widMCget.Android\widMCget.Android.csproj", "{6E743518-753C-492A-BEF9-0AB1FC5313C1}"
EndProject
Project("{FAE04EC0-301F-11D3-BF4B-00C04F79EFBC}") = "widMCget", "widMCget\widMCget\widMCget.csproj", "{6EEF2EDA-7041-404C-A2B4-04370D878592}"
EndProject
Global
	GlobalSection(SolutionConfigurationPlatforms) = preSolution
		Debug|Any CPU = Debug|Any CPU
		Release|Any CPU = Release|Any CPU
	EndGlobalSection
	GlobalSection(ProjectConfigurationPlatforms) = postSolution
		{6E743518-753C-492A-BEF9-0AB1FC5313C1}.Debug|Any CPU.ActiveCfg = Debug|Any CPU
		{6E743518-753C-492A-BEF9-0AB1FC5313C1}.Debug|Any CPU.Build.0 = Debug|Any CPU
		{6E743518-753C-492A-BEF9-0AB1FC5313C1}.Debug|Any CPU.Deploy.0 = Debug|Any CPU
		{6E743518-753C-492A-BEF9-0AB1FC5313C1}.Release|Any CPU.ActiveCfg = Release|Any CPU
		{6E743518-753C-492A-BEF9-0AB1FC5313C1}.Release|Any CPU.Build.0 = Release|Any CPU
		{6E743518-753C-492A-BEF9-0AB1FC5313C1}.Release|Any CPU.Deploy.0 = Release|Any CPU
		{6EEF2EDA-7041-404C-A2B4-04370D878592}.Debug|Any CPU.ActiveCfg = Debug|Any CPU
		{6EEF2EDA-7041-404C-A2B4-04370D878592}.Debug|Any CPU.Build.0 = Debug|Any CPU
		{6EEF2EDA-7041-404C-A2B4-04370D878592}.Debug|Any CPU.Deploy.0 = Debug|Any CPU
		{6EEF2EDA-7041-404C-A2B4-04370D878592}.Release|Any CPU.ActiveCfg = Release|Any CPU
		{6EEF2EDA-7041-404C-A2B4-04370D878592}.Release|Any CPU.Build.0 = Release|Any CPU
		{6EEF2EDA-7041-404C-A2B4-04370D878592}.Release|Any CPU.Deploy.0 = Release|Any CPU
	EndGlobalSection
	GlobalSection(SolutionProperties) = preSolution
		HideSolutionNode = FALSE
	EndGlobalSection
	GlobalSection(ExtensibilityGlobals) = postSolution
		SolutionGuid = {CB87427F-C66E-470E-9CED-C0254F911016}
	EndGlobalSection
EndGlobal
